
Microsoft Visual Studio Solution File, Format Version 12.00
# Visual Studio Version 17
VisualStudioVersion = 17.4.33403.182
MinimumVisualStudioVersion = 10.0.40219.1
Project("{9A19103F-16F7-4668-BE54-9A1E7A4F7556}") = "ConcumaVM", "ConcumaVM\ConcumaVM.csproj", "{5DC1EAE3-E35A-475C-997B-09A3A20A0F88}"
EndProject
Project("{FAE04EC0-301F-11D3-BF4B-00C04F79EFBC}") = "ConcumaRuntime", "ConcumaRuntime\ConcumaRuntime.csproj", "{CF8EE9C0-6449-463B-8C21-5118C79CADF2}"
EndProject
Global
	GlobalSection(SolutionConfigurationPlatforms) = preSolution
		Debug|Any CPU = Debug|Any CPU
		Release|Any CPU = Release|Any CPU
	EndGlobalSection
	GlobalSection(ProjectConfigurationPlatforms) = postSolution
		{5DC1EAE3-E35A-475C-997B-09A3A20A0F88}.Debug|Any CPU.ActiveCfg = Debug|Any CPU
		{5DC1EAE3-E35A-475C-997B-09A3A20A0F88}.Debug|Any CPU.Build.0 = Debug|Any CPU
		{5DC1EAE3-E35A-475C-997B-09A3A20A0F88}.Release|Any CPU.ActiveCfg = Release|Any CPU
		{5DC1EAE3-E35A-475C-997B-09A3A20A0F88}.Release|Any CPU.Build.0 = Release|Any CPU
		{CF8EE9C0-6449-463B-8C21-5118C79CADF2}.Debug|Any CPU.ActiveCfg = Debug|Any CPU
		{CF8EE9C0-6449-463B-8C21-5118C79CADF2}.Debug|Any CPU.Build.0 = Debug|Any CPU
		{CF8EE9C0-6449-463B-8C21-5118C79CADF2}.Release|Any CPU.ActiveCfg = Release|Any CPU
		{CF8EE9C0-6449-463B-8C21-5118C79CADF2}.Release|Any CPU.Build.0 = Release|Any CPU
	EndGlobalSection
	GlobalSection(SolutionProperties) = preSolution
		HideSolutionNode = FALSE
	EndGlobalSection
	GlobalSection(ExtensibilityGlobals) = postSolution
		SolutionGuid = {AC776A52-9DF7-42DF-941B-EE9DCFFA8877}
	EndGlobalSection
EndGlobal
